// !$*UTF8*$!
{ archiveVersion = 1; classes = {}; objectVersion = 60; objects = {
000000000000000000000020 = { isa = PBXFileReference; lastKnownFileType = sourcecode.swift; path = SwiftUIContentExample.swift; sourceTree = "<group>"; };
000000000000000000000021 = { isa = PBXBuildFile; fileRef = 000000000000000000000020; };
000000000000000000000001 = { isa = PBXFileReference; lastKnownFileType = sourcecode.swift; path = UIKitSheetApp.swift; sourceTree = "<group>"; };
000000000000000000000002 = { isa = PBXFileReference; lastKnownFileType = sourcecode.swift; path = UITests/UIKitSheetUITests.swift; sourceTree = "<group>"; };
000000000000000000000003 = { isa = PBXFileReference; explicitFileType = wrapper.application; path = UIKitSheetExample.app; sourceTree = BUILT_PRODUCTS_DIR; };
000000000000000000000004 = { isa = PBXFileReference; explicitFileType = wrapper.cfbundle; path = UIKitSheetUITests.xctest; sourceTree = BUILT_PRODUCTS_DIR; };
000000000000000000000005 = { isa = PBXBuildFile; fileRef = 000000000000000000000001; };
000000000000000000000006 = { isa = PBXBuildFile; fileRef = 000000000000000000000002; };
000000000000000000000007 = { isa = XCLocalSwiftPackageReference; relativePath = ../..; };
000000000000000000000008 = { isa = XCSwiftPackageProductDependency; package = 000000000000000000000007; productName = TideSheetUIKit; };
000000000000000000000009 = { isa = PBXBuildFile; productRef = 000000000000000000000008; };
00000000000000000000000A = { isa = PBXGroup; children = (000000000000000000000003, 000000000000000000000004); name = Products; sourceTree = "<group>"; };
00000000000000000000000B = { isa = PBXGroup; children = (000000000000000000000020, 000000000000000000000001, 000000000000000000000002, 00000000000000000000000A); sourceTree = "<group>"; };
00000000000000000000000C = { isa = PBXSourcesBuildPhase; buildActionMask = 2147483647; files = (000000000000000000000005, 000000000000000000000021); runOnlyForDeploymentPostprocessing = 0; };
00000000000000000000000D = { isa = PBXSourcesBuildPhase; buildActionMask = 2147483647; files = (000000000000000000000006); runOnlyForDeploymentPostprocessing = 0; };
00000000000000000000000E = { isa = PBXFrameworksBuildPhase; buildActionMask = 2147483647; files = (000000000000000000000009); runOnlyForDeploymentPostprocessing = 0; };
00000000000000000000000F = { isa = PBXFrameworksBuildPhase; buildActionMask = 2147483647; files = (); runOnlyForDeploymentPostprocessing = 0; };
000000000000000000000012 = { isa = PBXContainerItemProxy; containerPortal = 000000000000000000000010; proxyType = 1; remoteGlobalIDString = 000000000000000000000011; remoteInfo = UIKitSheetExample; };
000000000000000000000013 = { isa = PBXTargetDependency; target = 000000000000000000000011; targetProxy = 000000000000000000000012; };
000000000000000000000014 = { isa = XCBuildConfiguration; buildSettings = { SDKROOT = iphoneos; IPHONEOS_DEPLOYMENT_TARGET = 17.0; SWIFT_VERSION = 6.0; SWIFT_DEFAULT_ACTOR_ISOLATION = MainActor; CLANG_ENABLE_MODULES = YES; TARGETED_DEVICE_FAMILY = "1,2"; ONLY_ACTIVE_ARCH = YES; SWIFT_OPTIMIZATION_LEVEL = "-Onone"; DEBUG_INFORMATION_FORMAT = dwarf; ENABLE_TESTABILITY = YES; }; name = Debug; };
000000000000000000000015 = { isa = XCBuildConfiguration; buildSettings = { SDKROOT = iphoneos; IPHONEOS_DEPLOYMENT_TARGET = 17.0; SWIFT_VERSION = 6.0; SWIFT_DEFAULT_ACTOR_ISOLATION = MainActor; CLANG_ENABLE_MODULES = YES; TARGETED_DEVICE_FAMILY = "1,2"; SWIFT_COMPILATION_MODE = wholemodule; }; name = Release; };
000000000000000000000016 = { isa = XCConfigurationList; buildConfigurations = (000000000000000000000014, 000000000000000000000015); defaultConfigurationIsVisible = 0; defaultConfigurationName = Release; };
000000000000000000000017 = { isa = XCBuildConfiguration; buildSettings = { PRODUCT_NAME = "$(TARGET_NAME)"; PRODUCT_BUNDLE_IDENTIFIER = com.weixi.TideSheet.UIKitSheetExample; GENERATE_INFOPLIST_FILE = YES; INFOPLIST_KEY_UILaunchScreen_Generation = YES; INFOPLIST_KEY_UIApplicationSceneManifest_Generation = YES; INFOPLIST_KEY_UISupportedInterfaceOrientations = "UIInterfaceOrientationPortrait UIInterfaceOrientationLandscapeLeft UIInterfaceOrientationLandscapeRight"; CODE_SIGN_STYLE = Automatic; ONLY_ACTIVE_ARCH = YES; SWIFT_OPTIMIZATION_LEVEL = "-Onone"; DEBUG_INFORMATION_FORMAT = dwarf; ENABLE_TESTABILITY = YES; }; name = Debug; };
000000000000000000000018 = { isa = XCBuildConfiguration; buildSettings = { PRODUCT_NAME = "$(TARGET_NAME)"; PRODUCT_BUNDLE_IDENTIFIER = com.weixi.TideSheet.UIKitSheetExample; GENERATE_INFOPLIST_FILE = YES; INFOPLIST_KEY_UILaunchScreen_Generation = YES; INFOPLIST_KEY_UIApplicationSceneManifest_Generation = YES; INFOPLIST_KEY_UISupportedInterfaceOrientations = "UIInterfaceOrientationPortrait UIInterfaceOrientationLandscapeLeft UIInterfaceOrientationLandscapeRight"; CODE_SIGN_STYLE = Automatic; SWIFT_COMPILATION_MODE = wholemodule; }; name = Release; };
000000000000000000000019 = { isa = XCConfigurationList; buildConfigurations = (000000000000000000000017, 000000000000000000000018); defaultConfigurationIsVisible = 0; defaultConfigurationName = Release; };
00000000000000000000001A = { isa = XCBuildConfiguration; buildSettings = { PRODUCT_NAME = "$(TARGET_NAME)"; PRODUCT_BUNDLE_IDENTIFIER = com.weixi.TideSheet.UIKitSheetUITests; GENERATE_INFOPLIST_FILE = YES; TEST_TARGET_NAME = UIKitSheetExample; CODE_SIGN_STYLE = Automatic; ONLY_ACTIVE_ARCH = YES; SWIFT_OPTIMIZATION_LEVEL = "-Onone"; DEBUG_INFORMATION_FORMAT = dwarf; ENABLE_TESTABILITY = YES; }; name = Debug; };
00000000000000000000001B = { isa = XCBuildConfiguration; buildSettings = { PRODUCT_NAME = "$(TARGET_NAME)"; PRODUCT_BUNDLE_IDENTIFIER = com.weixi.TideSheet.UIKitSheetUITests; GENERATE_INFOPLIST_FILE = YES; TEST_TARGET_NAME = UIKitSheetExample; CODE_SIGN_STYLE = Automatic; SWIFT_COMPILATION_MODE = wholemodule; }; name = Release; };
00000000000000000000001C = { isa = XCConfigurationList; buildConfigurations = (00000000000000000000001A, 00000000000000000000001B); defaultConfigurationIsVisible = 0; defaultConfigurationName = Release; };
000000000000000000000011 = { isa = PBXNativeTarget; buildConfigurationList = 000000000000000000000019; buildPhases = (00000000000000000000000C, 00000000000000000000000E); buildRules = (); dependencies = (); name = UIKitSheetExample; packageProductDependencies = (000000000000000000000008); productName = UIKitSheetExample; productReference = 000000000000000000000003; productType = "com.apple.product-type.application"; };
00000000000000000000001D = { isa = PBXNativeTarget; buildConfigurationList = 00000000000000000000001C; buildPhases = (00000000000000000000000D, 00000000000000000000000F); buildRules = (); dependencies = (000000000000000000000013); name = UIKitSheetUITests; productName = UIKitSheetUITests; productReference = 000000000000000000000004; productType = "com.apple.product-type.bundle.ui-testing"; };
000000000000000000000010 = { isa = PBXProject; attributes = { LastUpgradeCheck = 2600; TargetAttributes = { 000000000000000000000011 = { CreatedOnToolsVersion = 26.0; }; 00000000000000000000001D = { CreatedOnToolsVersion = 26.0; TestTargetID = 000000000000000000000011; }; }; }; buildConfigurationList = 000000000000000000000016; compatibilityVersion = "Xcode 15.0"; developmentRegion = en; knownRegions = (en, Base); mainGroup = 00000000000000000000000B; productRefGroup = 00000000000000000000000A; projectDirPath = ""; projectRoot = ""; packageReferences = (000000000000000000000007); targets = (000000000000000000000011, 00000000000000000000001D); };
}; rootObject = 000000000000000000000010; }
